
Microsoft Visual Studio Solution File, Format Version 12.00
# Visual Studio Version 17
VisualStudioVersion = 17.8.34408.163
MinimumVisualStudioVersion = 10.0.40219.1
Project("{FAE04EC0-301F-11D3-BF4B-00C04F79EFBC}") = "CraftVerify_Logger", "CraftVerify_Logger\CraftVerify_Logger.csproj", "{180A7F27-21A1-4799-A19E-426431E1A490}"
EndProject
Project("{FAE04EC0-301F-11D3-BF4B-00C04F79EFBC}") = "LoggerTests.Test", "LoggerTests.Test\LoggerTests.Test.csproj", "{3DE0E697-412B-47E0-A7F7-FF98FAFAFBCD}"
EndProject
Global
	GlobalSection(SolutionConfigurationPlatforms) = preSolution
		Debug|Any CPU = Debug|Any CPU
		Release|Any CPU = Release|Any CPU
	EndGlobalSection
	GlobalSection(ProjectConfigurationPlatforms) = postSolution
		{180A7F27-21A1-4799-A19E-426431E1A490}.Debug|Any CPU.ActiveCfg = Debug|Any CPU
		{180A7F27-21A1-4799-A19E-426431E1A490}.Debug|Any CPU.Build.0 = Debug|Any CPU
		{180A7F27-21A1-4799-A19E-426431E1A490}.Release|Any CPU.ActiveCfg = Release|Any CPU
		{180A7F27-21A1-4799-A19E-426431E1A490}.Release|Any CPU.Build.0 = Release|Any CPU
		{3DE0E697-412B-47E0-A7F7-FF98FAFAFBCD}.Debug|Any CPU.ActiveCfg = Debug|Any CPU
		{3DE0E697-412B-47E0-A7F7-FF98FAFAFBCD}.Debug|Any CPU.Build.0 = Debug|Any CPU
		{3DE0E697-412B-47E0-A7F7-FF98FAFAFBCD}.Release|Any CPU.ActiveCfg = Release|Any CPU
		{3DE0E697-412B-47E0-A7F7-FF98FAFAFBCD}.Release|Any CPU.Build.0 = Release|Any CPU
	EndGlobalSection
	GlobalSection(SolutionProperties) = preSolution
		HideSolutionNode = FALSE
	EndGlobalSection
	GlobalSection(ExtensibilityGlobals) = postSolution
		SolutionGuid = {9E4B1CFC-DB84-411F-B5F0-AC2054258E18}
	EndGlobalSection
EndGlobal
